// !$*UTF8*$!
{
	archiveVersion = 1;
	classes = {
	};
	objectVersion = 50;
	objects = {

/* Begin PBXBuildFile section */
		16080BC825B941E600326818 /* RedViewController.swift in Sources */ = {isa = PBXBuildFile; fileRef = 16080BC625B941E600326818 /* RedViewController.swift */; };
		16080BC925B941E600326818 /* RedViewController.xib in Resources */ = {isa = PBXBuildFile; fileRef = 16080BC725B941E600326818 /* RedViewController.xib */; };
		1632870625D0D95600E3AC70 /* StackViewController.swift in Sources */ = {isa = PBXBuildFile; fileRef = 1632870425D0D95600E3AC70 /* StackViewController.swift */; };
		1632870725D0D95600E3AC70 /* StackViewController.xib in Resources */ = {isa = PBXBuildFile; fileRef = 1632870525D0D95600E3AC70 /* StackViewController.xib */; };
		1637EBA025B00B57001544F9 /* AppDelegate.swift in Sources */ = {isa = PBXBuildFile; fileRef = 1637EB9F25B00B57001544F9 /* AppDelegate.swift */; };
		1637EBA425B00B57001544F9 /* ViewController.swift in Sources */ = {isa = PBXBuildFile; fileRef = 1637EBA325B00B57001544F9 /* ViewController.swift */; };
		1637EBA725B00B57001544F9 /* Main.storyboard in Resources */ = {isa = PBXBuildFile; fileRef = 1637EBA525B00B57001544F9 /* Main.storyboard */; };
		1637EBA925B00B5A001544F9 /* Assets.xcassets in Resources */ = {isa = PBXBuildFile; fileRef = 1637EBA825B00B5A001544F9 /* Assets.xcassets */; };
		1637EBAC25B00B5A001544F9 /* LaunchScreen.storyboard in Resources */ = {isa = PBXBuildFile; fileRef = 1637EBAA25B00B5A001544F9 /* LaunchScreen.storyboard */; };
		16649D2225DA32F800929890 /* ScrollViewController.swift in Sources */ = {isa = PBXBuildFile; fileRef = 16649D2025DA32F800929890 /* ScrollViewController.swift */; };
		16649D2325DA32F800929890 /* ScrollViewController.xib in Resources */ = {isa = PBXBuildFile; fileRef = 16649D2125DA32F800929890 /* ScrollViewController.xib */; };
		16682288261BEA33000B70E9 /* CllocationViewController.swift in Sources */ = {isa = PBXBuildFile; fileRef = 16682286261BEA33000B70E9 /* CllocationViewController.swift */; };
		16682289261BEA33000B70E9 /* CllocationViewController.xib in Resources */ = {isa = PBXBuildFile; fileRef = 16682287261BEA33000B70E9 /* CllocationViewController.xib */; };
		1668228C261BF289000B70E9 /* CoreLocation.framework in Frameworks */ = {isa = PBXBuildFile; fileRef = 1668228B261BF289000B70E9 /* CoreLocation.framework */; };
		169D227B25FEE20D00367F3C /* LikeStackViewController.swift in Sources */ = {isa = PBXBuildFile; fileRef = 169D227925FEE20D00367F3C /* LikeStackViewController.swift */; };
		169D227C25FEE20D00367F3C /* LikeStackViewController.xib in Resources */ = {isa = PBXBuildFile; fileRef = 169D227A25FEE20D00367F3C /* LikeStackViewController.xib */; };
		16A56DE6261EC65C001CCBC2 /* UserNotificationViewController.swift in Sources */ = {isa = PBXBuildFile; fileRef = 16A56DE4261EC65C001CCBC2 /* UserNotificationViewController.swift */; };
		16A56DE7261EC65C001CCBC2 /* UserNotificationViewController.xib in Resources */ = {isa = PBXBuildFile; fileRef = 16A56DE5261EC65C001CCBC2 /* UserNotificationViewController.xib */; };
		16D39CAE25B5635100D8C6F0 /* TitleWithImageCell.swift in Sources */ = {isa = PBXBuildFile; fileRef = 16D39CAD25B5635100D8C6F0 /* TitleWithImageCell.swift */; };
/* End PBXBuildFile section */

/* Begin PBXFileReference section */
		16080BC625B941E600326818 /* RedViewController.swift */ = {isa = PBXFileReference; lastKnownFileType = sourcecode.swift; path = RedViewController.swift; sourceTree = "<group>"; };
		16080BC725B941E600326818 /* RedViewController.xib */ = {isa = PBXFileReference; lastKnownFileType = file.xib; path = RedViewController.xib; sourceTree = "<group>"; };
		1632870425D0D95600E3AC70 /* StackViewController.swift */ = {isa = PBXFileReference; lastKnownFileType = sourcecode.swift; path = StackViewController.swift; sourceTree = "<group>"; };
		1632870525D0D95600E3AC70 /* StackViewController.xib */ = {isa = PBXFileReference; lastKnownFileType = file.xib; path = StackViewController.xib; sourceTree = "<group>"; };
		1637EB9C25B00B57001544F9 /* Examples.app */ = {isa = PBXFileReference; explicitFileType = wrapper.application; includeInIndex = 0; path = Examples.app; sourceTree = BUILT_PRODUCTS_DIR; };
		1637EB9F25B00B57001544F9 /* AppDelegate.swift */ = {isa = PBXFileReference; lastKnownFileType = sourcecode.swift; path = AppDelegate.swift; sourceTree = "<group>"; };
		1637EBA325B00B57001544F9 /* ViewController.swift */ = {isa = PBXFileReference; lastKnownFileType = sourcecode.swift; path = ViewController.swift; sourceTree = "<group>"; };
		1637EBA625B00B57001544F9 /* Base */ = {isa = PBXFileReference; lastKnownFileType = file.storyboard; name = Base; path = Base.lproj/Main.storyboard; sourceTree = "<group>"; };
		1637EBA825B00B5A001544F9 /* Assets.xcassets */ = {isa = PBXFileReference; lastKnownFileType = folder.assetcatalog; path = Assets.xcassets; sourceTree = "<group>"; };
		1637EBAB25B00B5A001544F9 /* Base */ = {isa = PBXFileReference; lastKnownFileType = file.storyboard; name = Base; path = Base.lproj/LaunchScreen.storyboard; sourceTree = "<group>"; };
		1637EBAD25B00B5A001544F9 /* Info.plist */ = {isa = PBXFileReference; lastKnownFileType = text.plist.xml; path = Info.plist; sourceTree = "<group>"; };
		16649D2025DA32F800929890 /* ScrollViewController.swift */ = {isa = PBXFileReference; lastKnownFileType = sourcecode.swift; path = ScrollViewController.swift; sourceTree = "<group>"; };
		16649D2125DA32F800929890 /* ScrollViewController.xib */ = {isa = PBXFileReference; lastKnownFileType = file.xib; path = ScrollViewController.xib; sourceTree = "<group>"; };
		16682286261BEA33000B70E9 /* CllocationViewController.swift */ = {isa = PBXFileReference; lastKnownFileType = sourcecode.swift; path = CllocationViewController.swift; sourceTree = "<group>"; };
		16682287261BEA33000B70E9 /* CllocationViewController.xib */ = {isa = PBXFileReference; lastKnownFileType = file.xib; path = CllocationViewController.xib; sourceTree = "<group>"; };
		1668228B261BF289000B70E9 /* CoreLocation.framework */ = {isa = PBXFileReference; lastKnownFileType = wrapper.framework; name = CoreLocation.framework; path = System/Library/Frameworks/CoreLocation.framework; sourceTree = SDKROOT; };
		169D227925FEE20D00367F3C /* LikeStackViewController.swift */ = {isa = PBXFileReference; lastKnownFileType = sourcecode.swift; path = LikeStackViewController.swift; sourceTree = "<group>"; };
		169D227A25FEE20D00367F3C /* LikeStackViewController.xib */ = {isa = PBXFileReference; lastKnownFileType = file.xib; path = LikeStackViewController.xib; sourceTree = "<group>"; };
		16A56DE4261EC65C001CCBC2 /* UserNotificationViewController.swift */ = {isa = PBXFileReference; lastKnownFileType = sourcecode.swift; path = UserNotificationViewController.swift; sourceTree = "<group>"; };
		16A56DE5261EC65C001CCBC2 /* UserNotificationViewController.xib */ = {isa = PBXFileReference; lastKnownFileType = file.xib; path = UserNotificationViewController.xib; sourceTree = "<group>"; };
		16D39CAD25B5635100D8C6F0 /* TitleWithImageCell.swift */ = {isa = PBXFileReference; lastKnownFileType = sourcecode.swift; path = TitleWithImageCell.swift; sourceTree = "<group>"; };
/* End PBXFileReference section */

/* Begin PBXFrameworksBuildPhase section */
		1637EB9925B00B57001544F9 /* Frameworks */ = {
			isa = PBXFrameworksBuildPhase;
			buildActionMask = 2147483647;
			files = (
				1668228C261BF289000B70E9 /* CoreLocation.framework in Frameworks */,
			);
			runOnlyForDeploymentPostprocessing = 0;
		};
/* End PBXFrameworksBuildPhase section */

/* Begin PBXGroup section */
		16080BC125B9415700326818 /* main */ = {
			isa = PBXGroup;
			children = (
				16080BC225B9416E00326818 /* Cell */,
				1637EBA525B00B57001544F9 /* Main.storyboard */,
				1637EBA325B00B57001544F9 /* ViewController.swift */,
			);
			path = main;
			sourceTree = "<group>";
		};
		16080BC225B9416E00326818 /* Cell */ = {
			isa = PBXGroup;
			children = (
				16D39CAD25B5635100D8C6F0 /* TitleWithImageCell.swift */,
			);
			path = Cell;
			sourceTree = "<group>";
		};
		16080BC425B9419100326818 /* subject */ = {
			isa = PBXGroup;
			children = (
				16A56DE3261EC638001CCBC2 /* UserNotification */,
				16682285261BE9FD000B70E9 /* clLocation */,
				169D227825FEE19500367F3C /* insteadStack */,
				16649D1F25DA32CD00929890 /* scrollView */,
				1632870325D0D93800E3AC70 /* stackView */,
				16080BC525B941B100326818 /* navigation */,
			);
			path = subject;
			sourceTree = "<group>";
		};
		16080BC525B941B100326818 /* navigation */ = {
			isa = PBXGroup;
			children = (
				16080BC625B941E600326818 /* RedViewController.swift */,
				16080BC725B941E600326818 /* RedViewController.xib */,
			);
			path = navigation;
			sourceTree = "<group>";
		};
		1632870325D0D93800E3AC70 /* stackView */ = {
			isa = PBXGroup;
			children = (
				1632870425D0D95600E3AC70 /* StackViewController.swift */,
				1632870525D0D95600E3AC70 /* StackViewController.xib */,
			);
			path = stackView;
			sourceTree = "<group>";
		};
		1637EB9325B00B57001544F9 = {
			isa = PBXGroup;
			children = (
				1637EB9E25B00B57001544F9 /* Reperence */,
				1637EB9D25B00B57001544F9 /* Products */,
				1668228A261BF289000B70E9 /* Frameworks */,
			);
			sourceTree = "<group>";
		};
		1637EB9D25B00B57001544F9 /* Products */ = {
			isa = PBXGroup;
			children = (
				1637EB9C25B00B57001544F9 /* Examples.app */,
			);
			name = Products;
			sourceTree = "<group>";
		};
		1637EB9E25B00B57001544F9 /* Reperence */ = {
			isa = PBXGroup;
			children = (
				1637EB9F25B00B57001544F9 /* AppDelegate.swift */,
				16080BC425B9419100326818 /* subject */,
				16080BC125B9415700326818 /* main */,
				1637EBA825B00B5A001544F9 /* Assets.xcassets */,
				1637EBAA25B00B5A001544F9 /* LaunchScreen.storyboard */,
				1637EBAD25B00B5A001544F9 /* Info.plist */,
			);
			path = Reperence;
			sourceTree = "<group>";
		};
		16649D1F25DA32CD00929890 /* scrollView */ = {
			isa = PBXGroup;
			children = (
				16649D2025DA32F800929890 /* ScrollViewController.swift */,
				16649D2125DA32F800929890 /* ScrollViewController.xib */,
			);
			path = scrollView;
			sourceTree = "<group>";
		};
		16682285261BE9FD000B70E9 /* clLocation */ = {
			isa = PBXGroup;
			children = (
				16682286261BEA33000B70E9 /* CllocationViewController.swift */,
				16682287261BEA33000B70E9 /* CllocationViewController.xib */,
			);
			path = clLocation;
			sourceTree = "<group>";
		};
		1668228A261BF289000B70E9 /* Frameworks */ = {
			isa = PBXGroup;
			children = (
				1668228B261BF289000B70E9 /* CoreLocation.framework */,
			);
			name = Frameworks;
			sourceTree = "<group>";
		};
		169D227825FEE19500367F3C /* insteadStack */ = {
			isa = PBXGroup;
			children = (
				169D227925FEE20D00367F3C /* LikeStackViewController.swift */,
				169D227A25FEE20D00367F3C /* LikeStackViewController.xib */,
			);
			path = insteadStack;
			sourceTree = "<group>";
		};
		16A56DE3261EC638001CCBC2 /* UserNotification */ = {
			isa = PBXGroup;
			children = (
				16A56DE4261EC65C001CCBC2 /* UserNotificationViewController.swift */,
				16A56DE5261EC65C001CCBC2 /* UserNotificationViewController.xib */,
			);
			path = UserNotification;
			sourceTree = "<group>";
		};
/* End PBXGroup section */

/* Begin PBXNativeTarget section */
		1637EB9B25B00B57001544F9 /* Examples */ = {
			isa = PBXNativeTarget;
			buildConfigurationList = 1637EBB025B00B5A001544F9 /* Build configuration list for PBXNativeTarget "Examples" */;
			buildPhases = (
				1637EB9825B00B57001544F9 /* Sources */,
				1637EB9925B00B57001544F9 /* Frameworks */,
				1637EB9A25B00B57001544F9 /* Resources */,
			);
			buildRules = (
			);
			dependencies = (
			);
			name = Examples;
			productName = Reperence;
			productReference = 1637EB9C25B00B57001544F9 /* Examples.app */;
			productType = "com.apple.product-type.application";
		};
/* End PBXNativeTarget section */

/* Begin PBXProject section */
		1637EB9425B00B57001544F9 /* Project object */ = {
			isa = PBXProject;
			attributes = {
				LastSwiftUpdateCheck = 1120;
				LastUpgradeCheck = 1120;
				ORGANIZATIONNAME = finger3;
				TargetAttributes = {
					1637EB9B25B00B57001544F9 = {
						CreatedOnToolsVersion = 11.2;
					};
				};
			};
			buildConfigurationList = 1637EB9725B00B57001544F9 /* Build configuration list for PBXProject "Examples" */;
			compatibilityVersion = "Xcode 9.3";
			developmentRegion = en;
			hasScannedForEncodings = 0;
			knownRegions = (
				en,
				Base,
			);
			mainGroup = 1637EB9325B00B57001544F9;
			productRefGroup = 1637EB9D25B00B57001544F9 /* Products */;
			projectDirPath = "";
			projectRoot = "";
			targets = (
				1637EB9B25B00B57001544F9 /* Examples */,
			);
		};
/* End PBXProject section */

/* Begin PBXResourcesBuildPhase section */
		1637EB9A25B00B57001544F9 /* Resources */ = {
			isa = PBXResourcesBuildPhase;
			buildActionMask = 2147483647;
			files = (
				1632870725D0D95600E3AC70 /* StackViewController.xib in Resources */,
				16A56DE7261EC65C001CCBC2 /* UserNotificationViewController.xib in Resources */,
				1637EBAC25B00B5A001544F9 /* LaunchScreen.storyboard in Resources */,
				16080BC925B941E600326818 /* RedViewController.xib in Resources */,
				1637EBA925B00B5A001544F9 /* Assets.xcassets in Resources */,
				16682289261BEA33000B70E9 /* CllocationViewController.xib in Resources */,
				169D227C25FEE20D00367F3C /* LikeStackViewController.xib in Resources */,
				1637EBA725B00B57001544F9 /* Main.storyboard in Resources */,
				16649D2325DA32F800929890 /* ScrollViewController.xib in Resources */,
			);
			runOnlyForDeploymentPostprocessing = 0;
		};
/* End PBXResourcesBuildPhase section */

/* Begin PBXSourcesBuildPhase section */
		1637EB9825B00B57001544F9 /* Sources */ = {
			isa = PBXSourcesBuildPhase;
			buildActionMask = 2147483647;
			files = (
				16682288261BEA33000B70E9 /* CllocationViewController.swift in Sources */,
				169D227B25FEE20D00367F3C /* LikeStackViewController.swift in Sources */,
				1637EBA425B00B57001544F9 /* ViewController.swift in Sources */,
				16649D2225DA32F800929890 /* ScrollViewController.swift in Sources */,
				1637EBA025B00B57001544F9 /* AppDelegate.swift in Sources */,
				1632870625D0D95600E3AC70 /* StackViewController.swift in Sources */,
				16080BC825B941E600326818 /* RedViewController.swift in Sources */,
				16A56DE6261EC65C001CCBC2 /* UserNotificationViewController.swift in Sources */,
				16D39CAE25B5635100D8C6F0 /* TitleWithImageCell.swift in Sources */,
			);
			runOnlyForDeploymentPostprocessing = 0;
		};
/* End PBXSourcesBuildPhase section */

/* Begin PBXVariantGroup section */
		1637EBA525B00B57001544F9 /* Main.storyboard */ = {
			isa = PBXVariantGroup;
			children = (
				1637EBA625B00B57001544F9 /* Base */,
			);
			name = Main.storyboard;
			sourceTree = "<group>";
		};
		1637EBAA25B00B5A001544F9 /* LaunchScreen.storyboard */ = {
			isa = PBXVariantGroup;
			children = (
				1637EBAB25B00B5A001544F9 /* Base */,
			);
			name = LaunchScreen.storyboard;
			sourceTree = "<group>";
		};
/* End PBXVariantGroup section */

/* Begin XCBuildConfiguration section */
		1637EBAE25B00B5A001544F9 /* Debug */ = {
			isa = XCBuildConfiguration;
			buildSettings = {
				ALWAYS_SEARCH_USER_PATHS = NO;
				CLANG_ANALYZER_NONNULL = YES;
				CLANG_ANALYZER_NUMBER_OBJECT_CONVERSION = YES_AGGRESSIVE;
				CLANG_CXX_LANGUAGE_STANDARD = "gnu++14";
				CLANG_CXX_LIBRARY = "libc++";
				CLANG_ENABLE_MODULES = YES;
				CLANG_ENABLE_OBJC_ARC = YES;
				CLANG_ENABLE_OBJC_WEAK = YES;
				CLANG_WARN_BLOCK_CAPTURE_AUTORELEASING = YES;
				CLANG_WARN_BOOL_CONVERSION = YES;
				CLANG_WARN_COMMA = YES;
				CLANG_WARN_CONSTANT_CONVERSION = YES;
				CLANG_WARN_DEPRECATED_OBJC_IMPLEMENTATIONS = YES;
				CLANG_WARN_DIRECT_OBJC_ISA_USAGE = YES_ERROR;
				CLANG_WARN_DOCUMENTATION_COMMENTS = YES;
				CLANG_WARN_EMPTY_BODY = YES;
				CLANG_WARN_ENUM_CONVERSION = YES;
				CLANG_WARN_INFINITE_RECURSION = YES;
				CLANG_WARN_INT_CONVERSION = YES;
				CLANG_WARN_NON_LITERAL_NULL_CONVERSION = YES;
				CLANG_WARN_OBJC_IMPLICIT_RETAIN_SELF = YES;
				CLANG_WARN_OBJC_LITERAL_CONVERSION = YES;
				CLANG_WARN_OBJC_ROOT_CLASS = YES_ERROR;
				CLANG_WARN_RANGE_LOOP_ANALYSIS = YES;
				CLANG_WARN_STRICT_PROTOTYPES = YES;
				CLANG_WARN_SUSPICIOUS_MOVE = YES;
				CLANG_WARN_UNGUARDED_AVAILABILITY = YES_AGGRESSIVE;
				CLANG_WARN_UNREACHABLE_CODE = YES;
				CLANG_WARN__DUPLICATE_METHOD_MATCH = YES;
				COPY_PHASE_STRIP = NO;
				DEBUG_INFORMATION_FORMAT = dwarf;
				ENABLE_STRICT_OBJC_MSGSEND = YES;
				ENABLE_TESTABILITY = YES;
				GCC_C_LANGUAGE_STANDARD = gnu11;
				GCC_DYNAMIC_NO_PIC = NO;
				GCC_NO_COMMON_BLOCKS = YES;
				GCC_OPTIMIZATION_LEVEL = 0;
				GCC_PREPROCESSOR_DEFINITIONS = (
					"DEBUG=1",
					"$(inherited)",
				);
				GCC_WARN_64_TO_32_BIT_CONVERSION = YES;
				GCC_WARN_ABOUT_RETURN_TYPE = YES_ERROR;
				GCC_WARN_UNDECLARED_SELECTOR = YES;
				GCC_WARN_UNINITIALIZED_AUTOS = YES_AGGRESSIVE;
				GCC_WARN_UNUSED_FUNCTION = YES;
				GCC_WARN_UNUSED_VARIABLE = YES;
				IPHONEOS_DEPLOYMENT_TARGET = 13.2;
				MTL_ENABLE_DEBUG_INFO = INCLUDE_SOURCE;
				MTL_FAST_MATH = YES;
				ONLY_ACTIVE_ARCH = YES;
				SDKROOT = iphoneos;
				SWIFT_ACTIVE_COMPILATION_CONDITIONS = DEBUG;
				SWIFT_OPTIMIZATION_LEVEL = "-Onone";
			};
			name = Debug;
		};
		1637EBAF25B00B5A001544F9 /* Release */ = {
			isa = XCBuildConfiguration;
			buildSettings = {
				ALWAYS_SEARCH_USER_PATHS = NO;
				CLANG_ANALYZER_NONNULL = YES;
				CLANG_ANALYZER_NUMBER_OBJECT_CONVERSION = YES_AGGRESSIVE;
				CLANG_CXX_LANGUAGE_STANDARD = "gnu++14";
				CLANG_CXX_LIBRARY = "libc++";
				CLANG_ENABLE_MODULES = YES;
				CLANG_ENABLE_OBJC_ARC = YES;
				CLANG_ENABLE_OBJC_WEAK = YES;
				CLANG_WARN_BLOCK_CAPTURE_AUTORELEASING = YES;
				CLANG_WARN_BOOL_CONVERSION = YES;
				CLANG_WARN_COMMA = YES;
				CLANG_WARN_CONSTANT_CONVERSION = YES;
				CLANG_WARN_DEPRECATED_OBJC_IMPLEMENTATIONS = YES;
				CLANG_WARN_DIRECT_OBJC_ISA_USAGE = YES_ERROR;
				CLANG_WARN_DOCUMENTATION_COMMENTS = YES;
				CLANG_WARN_EMPTY_BODY = YES;
				CLANG_WARN_ENUM_CONVERSION = YES;
				CLANG_WARN_INFINITE_RECURSION = YES;
				CLANG_WARN_INT_CONVERSION = YES;
				CLANG_WARN_NON_LITERAL_NULL_CONVERSION = YES;
				CLANG_WARN_OBJC_IMPLICIT_RETAIN_SELF = YES;
				CLANG_WARN_OBJC_LITERAL_CONVERSION = YES;
				CLANG_WARN_OBJC_ROOT_CLASS = YES_ERROR;
				CLANG_WARN_RANGE_LOOP_ANALYSIS = YES;
				CLANG_WARN_STRICT_PROTOTYPES = YES;
				CLANG_WARN_SUSPICIOUS_MOVE = YES;
				CLANG_WARN_UNGUARDED_AVAILABILITY = YES_AGGRESSIVE;
				CLANG_WARN_UNREACHABLE_CODE = YES;
				CLANG_WARN__DUPLICATE_METHOD_MATCH = YES;
				COPY_PHASE_STRIP = NO;
				DEBUG_INFORMATION_FORMAT = "dwarf-with-dsym";
				ENABLE_NS_ASSERTIONS = NO;
				ENABLE_STRICT_OBJC_MSGSEND = YES;
				GCC_C_LANGUAGE_STANDARD = gnu11;
				GCC_NO_COMMON_BLOCKS = YES;
				GCC_WARN_64_TO_32_BIT_CONVERSION = YES;
				GCC_WARN_ABOUT_RETURN_TYPE = YES_ERROR;
				GCC_WARN_UNDECLARED_SELECTOR = YES;
				GCC_WARN_UNINITIALIZED_AUTOS = YES_AGGRESSIVE;
				GCC_WARN_UNUSED_FUNCTION = YES;
				GCC_WARN_UNUSED_VARIABLE = YES;
				IPHONEOS_DEPLOYMENT_TARGET = 13.2;
				MTL_ENABLE_DEBUG_INFO = NO;
				MTL_FAST_MATH = YES;
				SDKROOT = iphoneos;
				SWIFT_COMPILATION_MODE = wholemodule;
				SWIFT_OPTIMIZATION_LEVEL = "-O";
				VALIDATE_PRODUCT = YES;
			};
			name = Release;
		};
		1637EBB125B00B5A001544F9 /* Debug */ = {
			isa = XCBuildConfiguration;
			buildSettings = {
				ASSETCATALOG_COMPILER_APPICON_NAME = AppIcon;
				CODE_SIGN_STYLE = Automatic;
				DEVELOPMENT_TEAM = MTA399SVLC;
				INFOPLIST_FILE = Reperence/Info.plist;
				IPHONEOS_DEPLOYMENT_TARGET = 11.2;
				LD_RUNPATH_SEARCH_PATHS = (
					"$(inherited)",
					"@executable_path/Frameworks",
				);
				PRODUCT_BUNDLE_IDENTIFIER = test.Examples;
				PRODUCT_NAME = Examples;
				SWIFT_VERSION = 5.0;
				TARGETED_DEVICE_FAMILY = "1,2";
			};
			name = Debug;
		};
		1637EBB225B00B5A001544F9 /* Release */ = {
			isa = XCBuildConfiguration;
			buildSettings = {
				ASSETCATALOG_COMPILER_APPICON_NAME = AppIcon;
				CODE_SIGN_STYLE = Automatic;
				DEVELOPMENT_TEAM = MTA399SVLC;
				INFOPLIST_FILE = Reperence/Info.plist;
				IPHONEOS_DEPLOYMENT_TARGET = 11.2;
				LD_RUNPATH_SEARCH_PATHS = (
					"$(inherited)",
					"@executable_path/Frameworks",
				);
				PRODUCT_BUNDLE_IDENTIFIER = test.Examples;
				PRODUCT_NAME = Examples;
				SWIFT_VERSION = 5.0;
				TARGETED_DEVICE_FAMILY = "1,2";
			};
			name = Release;
		};
/* End XCBuildConfiguration section */

/* Begin XCConfigurationList section */
		1637EB9725B00B57001544F9 /* Build configuration list for PBXProject "Examples" */ = {
			isa = XCConfigurationList;
			buildConfigurations = (
				1637EBAE25B00B5A001544F9 /* Debug */,
				1637EBAF25B00B5A001544F9 /* Release */,
			);
			defaultConfigurationIsVisible = 0;
			defaultConfigurationName = Release;
		};
		1637EBB025B00B5A001544F9 /* Build configuration list for PBXNativeTarget "Examples" */ = {
			isa = XCConfigurationList;
			buildConfigurations = (
				1637EBB125B00B5A001544F9 /* Debug */,
				1637EBB225B00B5A001544F9 /* Release */,
			);
			defaultConfigurationIsVisible = 0;
			defaultConfigurationName = Release;
		};
/* End XCConfigurationList section */
	};
	rootObject = 1637EB9425B00B57001544F9 /* Project object */;
}
